{"SurveyEntry":{"SurveyID":"SV_8JmNSdsDZgkXAOh","SurveyName":"Peer Evaluation Survey (demonstration)","SurveyDescription":null,"SurveyOwnerID":"UR_breBildfhWExdDT","SurveyBrandID":"swinuw","DivisionID":"DV_2iueGm2nrVUhZDn","SurveyLanguage":"EN-GB","SurveyActiveResponseSet":"RS_cN45C50goD5VDYp","SurveyStatus":"Active","SurveyStartDate":"0000-00-00 00:00:00","SurveyExpirationDate":"0000-00-00 00:00:00","SurveyCreationDate":"2020-02-12 17:15:54","CreatorID":"UR_breBildfhWExdDT","LastModified":"2020-02-16 20:45:17","LastAccessed":"0000-00-00 00:00:00","LastActivated":"2020-02-12 17:18:04","Deleted":null},"SurveyElements":[{"SurveyID":"SV_8JmNSdsDZgkXAOh","Element":"BL","PrimaryAttribute":"Survey Blocks","SecondaryAttribute":null,"TertiaryAttribute":null,"Payload":[{"Type":"Default","Description":"Peer Review","ID":"BL_9Yqnu81T7GzyA4J","BlockElements":[{"Type":"Question","QuestionID":"QID2"},{"Type":"Page Break"},{"Type":"Question","QuestionID":"QID6"},{"Type":"Page Break"},{"Type":"Question","QuestionID":"QID7"},{"Type":"Page Break"},{"Type":"Question","QuestionID":"QID8"},{"Type":"Page Break"},{"Type":"Question","QuestionID":"QID9"},{"Type":"Page Break"},{"Type":"Question","QuestionID":"QID10"}],"Options":{"BlockLocking":"false","RandomizeQuestions":"false"}},{"Type":"Trash","Description":"Trash \/ Unused Questions","ID":"BL_3PKlLTK5sc02AT3","BlockElements":[]},{"Type":"Standard","SubType":"","Description":"Opening","ID":"BL_8CwQFD3BhunI66V","Options":{"BlockLocking":"false","RandomizeQuestions":"false","BlockVisibility":"Expanded"},"BlockElements":[{"Type":"Question","QuestionID":"QID3"}]},{"Type":"Standard","SubType":"","Description":"Feedback","ID":"BL_dp4esx3JXxkIBWR","BlockElements":[{"Type":"Question","QuestionID":"QID32"}]},{"Type":"Standard","SubType":"","Description":"Block 3","ID":"BL_8rjopLE5ThcR6qV","BlockElements":[{"Type":"Question","QuestionID":"QID15"},{"Type":"Question","QuestionID":"QID16"},{"Type":"Question","QuestionID":"QID19"},{"Type":"Question","QuestionID":"QID27"},{"Type":"Question","QuestionID":"QID20","SkipLogic":[{"SkipLogicID":1,"ChoiceLocator":"q:\/\/QID20\/SelectableChoice\/1","Condition":"Selected","SkipToDestination":"QID22","Locator":"q:\/\/QID20\/SelectableChoice\/1","SkipToDescription":"I am enrolled as: <strong>A local \/ domestic student<\/strong>  <strong>Is Selected<\/strong>","Description":"Condition: <strong title=\"A local \/ domestic student\">A local \/ domestic student<\/strong> <strong>Is Selected<\/strong>. Skip To: <strong>Are you of Aboriginal or Torres Strai...<\/strong>.","QuestionID":"QID20"}]},{"Type":"Question","QuestionID":"QID33","SkipLogic":[{"SkipLogicID":2,"ChoiceLocator":"q:\/\/QID33\/SelectableChoice\/11","Condition":"NotSelected","SkipToDestination":"QID30","Locator":"q:\/\/QID33\/SelectableChoice\/11","SkipToDescription":"Please indicate your countr... <strong>Australia<\/strong>  <strong>Is Not Selected<\/strong>","Description":"Condition: <strong title=\"Australia\">Australia<\/strong> <strong>Is Not Selected<\/strong>. Skip To: <strong>On a scale from 0-10, how satisfied w...<\/strong>.","QuestionID":"QID33"}]},{"Type":"Question","QuestionID":"QID22"},{"Type":"Question","QuestionID":"QID30"},{"Type":"Question","QuestionID":"QID23"},{"Type":"Question","QuestionID":"QID28"},{"Type":"Question","QuestionID":"QID31"}]}]},{"SurveyID":"SV_8JmNSdsDZgkXAOh","Element":"FL","PrimaryAttribute":"Survey Flow","SecondaryAttribute":null,"TertiaryAttribute":null,"Payload":{"Type":"Root","FlowID":"FL_1","Flow":[{"Type":"EmbeddedData","FlowID":"FL_6","EmbeddedData":[{"Description":"Student_name","Type":"Recipient","Field":"Student_name","VariableType":"String","DataVisibility":[],"AnalyzeText":false},{"Description":"Group_name","Type":"Recipient","Field":"Group_name","VariableType":"String","DataVisibility":[],"AnalyzeText":false},{"Description":"Peer1_name","Type":"Recipient","Field":"Peer1_name","VariableType":"String","DataVisibility":[],"AnalyzeText":false},{"Description":"Peer2_name","Type":"Recipient","Field":"Peer2_name","VariableType":"String","DataVisibility":[],"AnalyzeText":false},{"Description":"Peer3_name","Type":"Recipient","Field":"Peer3_name","VariableType":"String","DataVisibility":[],"AnalyzeText":false},{"Description":"Peer4_name","Type":"Recipient","Field":"Peer4_name","VariableType":"String","DataVisibility":[],"AnalyzeText":false},{"Description":"Peer5_name","Type":"Recipient","Field":"Peer5_name","VariableType":"String","DataVisibility":[],"AnalyzeText":false},{"Description":"Peer6_name","Type":"Recipient","Field":"Peer6_name","VariableType":"String","DataVisibility":[],"AnalyzeText":false},{"Description":"Peer7_name","Type":"Recipient","Field":"Peer7_name","VariableType":"String","DataVisibility":[],"AnalyzeText":false},{"Description":"Peer8_name","Type":"Recipient","Field":"Peer8_name","VariableType":"String","DataVisibility":[],"AnalyzeText":false},{"Description":"Peer9_name","Type":"Recipient","Field":"Peer9_name","VariableType":"String","DataVisibility":[],"AnalyzeText":false},{"Description":"Student_id","Type":"Recipient","Field":"Student_id","VariableType":"String","DataVisibility":[],"AnalyzeText":false},{"Description":"Group_id","Type":"Recipient","Field":"Group_id","VariableType":"String","DataVisibility":[],"AnalyzeText":false},{"Description":"Peer1_id","Type":"Recipient","Field":"Peer1_id","VariableType":"String","DataVisibility":[],"AnalyzeText":false},{"Description":"Peer2_id","Type":"Recipient","Field":"Peer2_id","VariableType":"String","DataVisibility":[],"AnalyzeText":false},{"Description":"Peer3_id","Type":"Recipient","Field":"Peer3_id","VariableType":"String","DataVisibility":[],"AnalyzeText":false},{"Description":"Peer4_id","Type":"Recipient","Field":"Peer4_id","VariableType":"String","DataVisibility":[],"AnalyzeText":false},{"Description":"Peer5_id","Type":"Recipient","Field":"Peer5_id","VariableType":"String","DataVisibility":[],"AnalyzeText":false},{"Description":"Peer6_id","Type":"Recipient","Field":"Peer6_id","VariableType":"String","DataVisibility":[],"AnalyzeText":false},{"Description":"Peer7_id","Type":"Recipient","Field":"Peer7_id","VariableType":"String","DataVisibility":[],"AnalyzeText":false},{"Description":"Peer8_id","Type":"Recipient","Field":"Peer8_id","VariableType":"String","DataVisibility":[],"AnalyzeText":false},{"Description":"Peer9_id","Type":"Recipient","Field":"Peer9_id","VariableType":"String","DataVisibility":[],"AnalyzeText":false}]},{"Type":"Standard","ID":"BL_8CwQFD3BhunI66V","FlowID":"FL_3"},{"Type":"Block","ID":"BL_9Yqnu81T7GzyA4J","FlowID":"FL_2"},{"Type":"Standard","ID":"BL_dp4esx3JXxkIBWR","FlowID":"FL_4"},{"Type":"Standard","ID":"BL_8rjopLE5ThcR6qV","FlowID":"FL_7"}],"Properties":{"Count":8,"RemovedFieldsets":[]}}},{"SurveyID":"SV_8JmNSdsDZgkXAOh","Element":"SO","PrimaryAttribute":"Survey Options","SecondaryAttribute":null,"TertiaryAttribute":null,"Payload":{"BackButton":"true","SaveAndContinue":"true","SurveyProtection":"ByInvitation","BallotBoxStuffingPrevention":"false","NoIndex":"Yes","SecureResponseFiles":"true","SurveyExpiration":null,"SurveyTermination":"DefaultMessage","Header":"","Footer":"","ProgressBarDisplay":"None","PartialData":"+1 week","ValidationMessage":null,"PreviousButton":" \u2190 ","NextButton":" \u2192 ","SkinLibrary":"Qualtrics","SkinType":"MQ","Skin":"v4qualtrics1","NewScoring":1,"ProtectSelectionIds":true,"EOSMessage":"","ShowExportTags":"false","CollectGeoLocation":"false","SurveyTitle":"Peer Evaluation","SurveyMetaDescription":"Qualtrics sophisticated online survey software solutions make creating online surveys easy. Learn more about Research Suite and get a free account today.","PasswordProtection":"No","AnonymizeResponse":"No","Password":"","RefererCheck":"No","RefererURL":"http:\/\/","UseCustomSurveyLinkCompletedMessage":null,"SurveyLinkCompletedMessage":"","SurveyLinkCompletedMessageLibrary":"","ResponseSummary":"No","EOSMessageLibrary":"","EOSRedirectURL":"https:\/\/","EmailThankYou":"false","ThankYouEmailMessageLibrary":null,"ThankYouEmailMessage":null,"ValidateMessage":"false","ValidationMessageLibrary":null,"InactiveSurvey":"DefaultMessage","PartialDataCloseAfter":"LastActivity","ActiveResponseSet":null,"InactiveMessageLibrary":"","InactiveMessage":"","AvailableLanguages":{"EN-GB":[]},"SurveyName":"Peer Evaluation Survey"}},{"SurveyID":"SV_8JmNSdsDZgkXAOh","Element":"SCO","PrimaryAttribute":"Scoring","SecondaryAttribute":null,"TertiaryAttribute":null,"Payload":{"ScoringCategories":[],"ScoringCategoryGroups":[],"ScoringSummaryCategory":null,"ScoringSummaryAfterQuestions":0,"ScoringSummaryAfterSurvey":0,"DefaultScoringCategory":null,"AutoScoringCategory":null}},{"SurveyID":"SV_8JmNSdsDZgkXAOh","Element":"PROJ","PrimaryAttribute":"CORE","SecondaryAttribute":null,"TertiaryAttribute":"1.1.0","Payload":{"ProjectCategory":"CORE","SchemaVersion":"1.1.0"}},{"SurveyID":"SV_8JmNSdsDZgkXAOh","Element":"STAT","PrimaryAttribute":"Survey Statistics","SecondaryAttribute":null,"TertiaryAttribute":null,"Payload":{"MobileCompatible":false,"ID":"Survey Statistics"}},{"SurveyID":"SV_8JmNSdsDZgkXAOh","Element":"QC","PrimaryAttribute":"Survey Question Count","SecondaryAttribute":"33","TertiaryAttribute":null,"Payload":null},{"SurveyID":"SV_8JmNSdsDZgkXAOh","Element":"SQ","PrimaryAttribute":"QID22","SecondaryAttribute":"Are you of Aboriginal or Torres Strait Islander descent \/ heritage?","TertiaryAttribute":null,"Payload":{"QuestionText":"Are you of Aboriginal or Torres Strait Islander descent \/ heritage?","DefaultChoices":false,"DataExportTag":"ATSI","QuestionType":"MC","Selector":"SAVR","SubSelector":"TX","Configuration":{"QuestionDescriptionOption":"UseText"},"QuestionDescription":"Are you of Aboriginal or Torres Strait Islander descent \/ heritage?","Choices":{"1":{"Display":"Yes"},"2":{"Display":"No"}},"ChoiceOrder":["1","2"],"Validation":{"Settings":{"ForceResponse":"OFF","ForceResponseType":"ON","Type":"None"}},"GradingData":[],"Language":[],"NextChoiceId":4,"NextAnswerId":1,"QuestionID":"QID22"}},{"SurveyID":"SV_8JmNSdsDZgkXAOh","Element":"RS","PrimaryAttribute":"RS_cN45C50goD5VDYp","SecondaryAttribute":"Default Response Set","TertiaryAttribute":null,"Payload":null},{"SurveyID":"SV_8JmNSdsDZgkXAOh","Element":"SQ","PrimaryAttribute":"QID3","SecondaryAttribute":"For each of the following questions, please rate the performance of your team members in your gro...","TertiaryAttribute":null,"Payload":{"QuestionText":"<p>For each of the following questions, please rate the performance of your team members in your group assignment, including yourself.<\/p><p><br><\/p><p>Please read each behavioural description in the heading of each column. Indicate which description best reflects how each person performed. If the person's performance falls between&nbsp;two descriptions, choose the column between the two descriptions (\"2\" or \"4\").<\/p><p><br><\/p><p>The ratings you provide to your peers will be used to calculate a Peer Mark, which will be made available after the survey has closed.<\/p>","DefaultChoices":false,"DataExportTag":"Q3","QuestionType":"DB","Selector":"TB","Configuration":{"QuestionDescriptionOption":"UseText"},"QuestionDescription":"For each of the following questions, please rate the performance of your team members in your gro...","ChoiceOrder":[],"Validation":{"Settings":{"Type":"None"}},"GradingData":[],"Language":[],"NextChoiceId":4,"NextAnswerId":1,"QuestionID":"QID3","DataVisibility":{"Private":false,"Hidden":false}}},{"SurveyID":"SV_8JmNSdsDZgkXAOh","Element":"SQ","PrimaryAttribute":"QID28","SecondaryAttribute":"How could the peer evaluation process be improved?","TertiaryAttribute":null,"Payload":{"QuestionText":"How could the peer evaluation process be improved?","DefaultChoices":false,"DataExportTag":"NegAsp","QuestionType":"TE","Selector":"ML","DataVisibility":{"Private":false,"Hidden":false},"Configuration":{"QuestionDescriptionOption":"UseText","InputWidth":594,"InputHeight":100},"QuestionDescription":"How could the peer evaluation process be improved?","Validation":{"Settings":{"ForceResponse":"OFF","ForceResponseType":"ON","Type":"None"}},"GradingData":[],"Language":[],"NextChoiceId":4,"NextAnswerId":1,"SearchSource":{"AllowFreeResponse":"false"},"QuestionID":"QID28"}},{"SurveyID":"SV_8JmNSdsDZgkXAOh","Element":"SQ","PrimaryAttribute":"QID27","SecondaryAttribute":"How many years of study have you completed at university?","TertiaryAttribute":null,"Payload":{"QuestionText":"How many years of study have you completed at university?","DefaultChoices":false,"DataExportTag":"UniYears","QuestionType":"TE","Selector":"SL","DataVisibility":{"Private":false,"Hidden":false},"Configuration":{"QuestionDescriptionOption":"UseText"},"QuestionDescription":"How many years of study have you completed at university?","Validation":{"Settings":{"ForceResponse":"OFF","ForceResponseType":"ON","Type":"ContentType","ContentType":"ValidNumber","ValidDateType":"DateWithFormat","ValidPhoneType":"ValidUSPhone","ValidZipType":"ValidUSZip","ValidNumber":{"Min":"0","Max":"10","NumDecimals":"1"}}},"GradingData":[],"Language":[],"NextChoiceId":4,"NextAnswerId":1,"SearchSource":{"AllowFreeResponse":"false"},"QuestionID":"QID27"}},{"SurveyID":"SV_8JmNSdsDZgkXAOh","Element":"SQ","PrimaryAttribute":"QID20","SecondaryAttribute":"I am enrolled as:","TertiaryAttribute":null,"Payload":{"QuestionText":"I am enrolled as:","DataExportTag":"Local","QuestionType":"MC","Selector":"SAVR","SubSelector":"TX","Configuration":{"QuestionDescriptionOption":"UseText"},"QuestionDescription":"I am enrolled as:","Choices":{"1":{"Display":"A local \/ domestic student"},"2":{"Display":"An international student"}},"ChoiceOrder":["1","2"],"Validation":{"Settings":{"ForceResponse":"OFF","ForceResponseType":"ON","Type":"None"}},"Language":{"EN":{"Choices":{"2":{"Display":"An international student"}}}},"NextChoiceId":4,"NextAnswerId":1,"QuestionID":"QID20","DataVisibility":{"Private":false,"Hidden":false}}},{"SurveyID":"SV_8JmNSdsDZgkXAOh","Element":"SQ","PrimaryAttribute":"QID30","SecondaryAttribute":"On a scale from 0-10, how satisfied were you with the peer evaluation process?","TertiaryAttribute":null,"Payload":{"QuestionText":"On a scale from 0-10, how satisfied were you with the peer evaluation process?","DefaultChoices":false,"DataExportTag":"Q26","QuestionType":"MC","Selector":"NPS","DataVisibility":{"Private":false,"Hidden":false},"Configuration":{"QuestionDescriptionOption":"UseText"},"QuestionDescription":"On a scale from 0-10, how satisfied were you with the peer evaluation process?","Choices":[{"Display":"0"},{"Display":"1"},{"Display":"2"},{"Display":"3"},{"Display":"4"},{"Display":"5"},{"Display":"6"},{"Display":"7"},{"Display":"8"},{"Display":"9"},{"Display":"10"}],"ChoiceOrder":["0","1","2","3","4","5","6","7","8","9","10"],"Validation":{"Settings":{"ForceResponse":"OFF","ForceResponseType":"ON","Type":"None"}},"GradingData":[],"Language":[],"NextChoiceId":11,"NextAnswerId":1,"ColumnLabels":[{"Display":"Extremely dissatisfied","IsLabelDefault":false},{"Display":"Extremely satisfied","IsLabelDefault":false}],"QuestionID":"QID30"}},{"SurveyID":"SV_8JmNSdsDZgkXAOh","Element":"SQ","PrimaryAttribute":"QID33","SecondaryAttribute":"Please indicate your country of origin.","TertiaryAttribute":null,"Payload":{"QuestionText":"Please indicate your country of origin.","DefaultChoices":false,"DataExportTag":"Nationality","QuestionType":"MC","Selector":"DL","Configuration":{"QuestionDescriptionOption":"UseText"},"QuestionDescription":"Please indicate your country of origin.","Choices":{"1":{"Display":"Afghanistan"},"4":{"Display":"Albania"},"5":{"Display":"Algeria"},"6":{"Display":"Andorra"},"7":{"Display":"Angola"},"8":{"Display":"Antigua and Barbuda"},"9":{"Display":"Argentina"},"10":{"Display":"Armenia"},"11":{"Display":"Australia"},"12":{"Display":"Austria"},"13":{"Display":"Azerbaijan"},"14":{"Display":"Bahamas"},"15":{"Display":"Bahrain"},"16":{"Display":"Bangladesh"},"17":{"Display":"Barbados"},"18":{"Display":"Belarus"},"19":{"Display":"Belgium"},"20":{"Display":"Belize"},"21":{"Display":"Benin"},"22":{"Display":"Bhutan"},"23":{"Display":"Bolivia"},"24":{"Display":"Bosnia and Herzegovina"},"25":{"Display":"Botswana"},"26":{"Display":"Brazil"},"27":{"Display":"Brunei"},"28":{"Display":"Bulgaria"},"29":{"Display":"Burkina Faso"},"30":{"Display":"Burundi"},"31":{"Display":"C\u00f4te d'Ivoire"},"32":{"Display":"Cabo Verde"},"33":{"Display":"Cambodia"},"34":{"Display":"Cameroon"},"35":{"Display":"Canada"},"36":{"Display":"Central African Republic"},"37":{"Display":"Chad"},"38":{"Display":"Chile"},"39":{"Display":"China"},"40":{"Display":"Colombia"},"41":{"Display":"Comoros"},"42":{"Display":"Congo (Congo-Brazzaville)"},"43":{"Display":"Costa Rica"},"44":{"Display":"Croatia"},"45":{"Display":"Cuba"},"46":{"Display":"Cyprus"},"47":{"Display":"Czechia (Czech Republic)"},"48":{"Display":"Democratic Republic of the Congo"},"49":{"Display":"Denmark"},"50":{"Display":"Djibouti"},"51":{"Display":"Dominica"},"52":{"Display":"Dominican Republic"},"53":{"Display":"Ecuador"},"54":{"Display":"Egypt"},"55":{"Display":"El Salvador"},"56":{"Display":"Equatorial Guinea"},"57":{"Display":"Eritrea"},"58":{"Display":"Estonia"},"59":{"Display":"Eswatini (fmr. \"Swaziland\")"},"60":{"Display":"Ethiopia"},"61":{"Display":"Fiji"},"62":{"Display":"Finland"},"63":{"Display":"France"},"64":{"Display":"Gabon"},"65":{"Display":"Gambia"},"66":{"Display":"Georgia"},"67":{"Display":"Germany"},"68":{"Display":"Ghana"},"69":{"Display":"Greece"},"70":{"Display":"Grenada"},"71":{"Display":"Guatemala"},"72":{"Display":"Guinea"},"73":{"Display":"Guinea-Bissau"},"74":{"Display":"Guyana"},"75":{"Display":"Haiti"},"76":{"Display":"Holy See"},"77":{"Display":"Honduras"},"78":{"Display":"Hungary"},"79":{"Display":"Iceland"},"80":{"Display":"India"},"81":{"Display":"Indonesia"},"82":{"Display":"Iran"},"83":{"Display":"Iraq"},"84":{"Display":"Ireland"},"85":{"Display":"Israel"},"86":{"Display":"Italy"},"87":{"Display":"Jamaica"},"88":{"Display":"Japan"},"89":{"Display":"Jordan"},"90":{"Display":"Kazakhstan"},"91":{"Display":"Kenya"},"92":{"Display":"Kiribati"},"93":{"Display":"Kuwait"},"94":{"Display":"Kyrgyzstan"},"95":{"Display":"Laos"},"96":{"Display":"Latvia"},"97":{"Display":"Lebanon"},"98":{"Display":"Lesotho"},"99":{"Display":"Liberia"},"100":{"Display":"Libya"},"101":{"Display":"Liechtenstein"},"102":{"Display":"Lithuania"},"103":{"Display":"Luxembourg"},"104":{"Display":"Madagascar"},"105":{"Display":"Malawi"},"106":{"Display":"Malaysia"},"107":{"Display":"Maldives"},"108":{"Display":"Mali"},"109":{"Display":"Malta"},"110":{"Display":"Marshall Islands"},"111":{"Display":"Mauritania"},"112":{"Display":"Mauritius"},"113":{"Display":"Mexico"},"114":{"Display":"Micronesia"},"115":{"Display":"Moldova"},"116":{"Display":"Monaco"},"117":{"Display":"Mongolia"},"118":{"Display":"Montenegro"},"119":{"Display":"Morocco"},"120":{"Display":"Mozambique"},"121":{"Display":"Myanmar (formerly Burma)"},"122":{"Display":"Namibia"},"123":{"Display":"Nauru"},"124":{"Display":"Nepal"},"125":{"Display":"Netherlands"},"126":{"Display":"New Zealand"},"127":{"Display":"Nicaragua"},"128":{"Display":"Niger"},"129":{"Display":"Nigeria"},"130":{"Display":"North Korea"},"131":{"Display":"North Macedonia"},"132":{"Display":"Norway"},"133":{"Display":"Oman"},"134":{"Display":"Pakistan"},"135":{"Display":"Palau"},"136":{"Display":"Palestine State"},"137":{"Display":"Panama"},"138":{"Display":"Papua New Guinea"},"139":{"Display":"Paraguay"},"140":{"Display":"Peru"},"141":{"Display":"Philippines"},"142":{"Display":"Poland"},"143":{"Display":"Portugal"},"144":{"Display":"Qatar"},"145":{"Display":"Romania"},"146":{"Display":"Russia"},"147":{"Display":"Rwanda"},"148":{"Display":"Saint Kitts and Nevis"},"149":{"Display":"Saint Lucia"},"150":{"Display":"Saint Vincent and the Grenadines"},"151":{"Display":"Samoa"},"152":{"Display":"San Marino"},"153":{"Display":"Sao Tome and Principe"},"154":{"Display":"Saudi Arabia"},"155":{"Display":"Senegal"},"156":{"Display":"Serbia"},"157":{"Display":"Seychelles"},"158":{"Display":"Sierra Leone"},"159":{"Display":"Singapore"},"160":{"Display":"Slovakia"},"161":{"Display":"Slovenia"},"162":{"Display":"Solomon Islands"},"163":{"Display":"Somalia"},"164":{"Display":"South Africa"},"165":{"Display":"South Korea"},"166":{"Display":"South Sudan"},"167":{"Display":"Spain"},"168":{"Display":"Sri Lanka"},"169":{"Display":"Sudan"},"170":{"Display":"Suriname"},"171":{"Display":"Sweden"},"172":{"Display":"Switzerland"},"173":{"Display":"Syria"},"174":{"Display":"Tajikistan"},"175":{"Display":"Tanzania"},"176":{"Display":"Thailand"},"177":{"Display":"Timor-Leste"},"178":{"Display":"Togo"},"179":{"Display":"Tonga"},"180":{"Display":"Trinidad and Tobago"},"181":{"Display":"Tunisia"},"182":{"Display":"Turkey"},"183":{"Display":"Turkmenistan"},"184":{"Display":"Tuvalu"},"185":{"Display":"Uganda"},"186":{"Display":"Ukraine"},"187":{"Display":"United Arab Emirates"},"188":{"Display":"United Kingdom"},"189":{"Display":"United States of America"},"190":{"Display":"Uruguay"},"191":{"Display":"Uzbekistan"},"192":{"Display":"Vanuatu"},"193":{"Display":"Venezuela"},"194":{"Display":"Vietnam"},"195":{"Display":"Yemen"},"196":{"Display":"Zambia"},"197":{"Display":"Zimbabwe"}},"ChoiceOrder":["1","4","5","6","7","8","9","10","11","12","13","14","15","16","17","18","19","20","21","22","23","24","25","26","27","28","29","30","31","32","33","34","35","36","37","38","39","40","41","42","43","44","45","46","47","48","49","50","51","52","53","54","55","56","57","58","59","60","61","62","63","64","65","66","67","68","69","70","71","72","73","74","75","76","77","78","79","80","81","82","83","84","85","86","87","88","89","90","91","92","93","94","95","96","97","98","99","100","101","102","103","104","105","106","107","108","109","110","111","112","113","114","115","116","117","118","119","120","121","122","123","124","125","126","127","128","129","130","131","132","133","134","135","136","137","138","139","140","141","142","143","144","145","146","147","148","149","150","151","152","153","154","155","156","157","158","159","160","161","162","163","164","165","166","167","168","169","170","171","172","173","174","175","176","177","178","179","180","181","182","183","184","185","186","187","188","189","190","191","192","193","194","195","196","197"],"Validation":{"Settings":{"ForceResponse":"OFF","ForceResponseType":"ON","Type":"None"}},"GradingData":[],"Language":{"EN":{"Choices":{"1":{"Display":"Afghanistan"}}}},"NextChoiceId":199,"NextAnswerId":1,"QuestionID":"QID33"}},{"SurveyID":"SV_8JmNSdsDZgkXAOh","Element":"SQ","PrimaryAttribute":"QID2","SecondaryAttribute":"Please rate each team member in relation to:\u00a0\u00adContributing to the Team's Work\u00ad.","TertiaryAttribute":null,"Payload":{"QuestionText":"<div>Please rate each team member in relation to:&nbsp;<b>&shy;Contributing to the Team's Work&shy;<\/b>.<\/div>","DefaultChoices":false,"DataExportTag":"TeamWork1","QuestionType":"Matrix","Selector":"Likert","SubSelector":"SingleAnswer","Configuration":{"QuestionDescriptionOption":"UseText","TextPosition":"above","ChoiceColumnWidth":25,"RepeatHeaders":"none","MobileFirst":true,"WhiteSpace":"OFF"},"QuestionDescription":"Please rate each team member in relation to:\u00a0\u00adContributing to the Team's Work\u00ad.","Choices":{"1":{"Display":"Myself"},"2":{"Display":"${e:\/\/Field\/Peer1_name}","DisplayLogic":{"0":{"0":{"LogicType":"EmbeddedField","LeftOperand":"Peer1_name","Operator":"NotEmpty","Type":"Expression","Description":"<span class=\"ConjDesc\">If<\/span>  <span class=\"LeftOpDesc\">Peer1_name<\/span> <span class=\"OpDesc\">Is Not Empty<\/span> "},"Type":"If"},"Type":"BooleanExpression","inPage":false}},"3":{"Display":"${e:\/\/Field\/Peer2_name}","DisplayLogic":{"0":{"0":{"LogicType":"EmbeddedField","LeftOperand":"Peer2_name","Operator":"NotEmpty","Type":"Expression","Description":"<span class=\"ConjDesc\">If<\/span>  <span class=\"LeftOpDesc\">Peer2_name<\/span> <span class=\"OpDesc\">Is Not Empty<\/span> "},"Type":"If"},"Type":"BooleanExpression","inPage":false}},"4":{"Display":"${e:\/\/Field\/Peer3_name}","DisplayLogic":{"0":{"0":{"LogicType":"EmbeddedField","LeftOperand":"Peer3_name","Operator":"NotEmpty","Type":"Expression","Description":"<span class=\"ConjDesc\">If<\/span>  <span class=\"LeftOpDesc\">Peer3_name<\/span> <span class=\"OpDesc\">Is Not Empty<\/span> "},"Type":"If"},"Type":"BooleanExpression","inPage":false}},"5":{"Display":"${e:\/\/Field\/Peer4_name}","DisplayLogic":{"0":{"0":{"LogicType":"EmbeddedField","LeftOperand":"Peer4_name","Operator":"NotEmpty","Type":"Expression","Description":"<span class=\"ConjDesc\">If<\/span>  <span class=\"LeftOpDesc\">Peer4_name<\/span> <span class=\"OpDesc\">Is Not Empty<\/span> "},"Type":"If"},"Type":"BooleanExpression","inPage":false}},"6":{"Display":"${e:\/\/Field\/Peer5_name}","DisplayLogic":{"0":{"0":{"LogicType":"EmbeddedField","LeftOperand":"Peer5_name","Operator":"NotEmpty","Type":"Expression","Description":"<span class=\"ConjDesc\">If<\/span>  <span class=\"LeftOpDesc\">Peer5_name<\/span> <span class=\"OpDesc\">Is Not Empty<\/span> "},"Type":"If"},"Type":"BooleanExpression","inPage":false}},"7":{"Display":"${e:\/\/Field\/Peer6_name}","DisplayLogic":{"0":{"0":{"LogicType":"EmbeddedField","LeftOperand":"Peer6_name","Operator":"NotEmpty","Type":"Expression","Description":"<span class=\"ConjDesc\">If<\/span>  <span class=\"LeftOpDesc\">Peer6_name<\/span> <span class=\"OpDesc\">Is Not Empty<\/span> "},"Type":"If"},"Type":"BooleanExpression","inPage":false}},"8":{"Display":"${e:\/\/Field\/Peer7_name}","DisplayLogic":{"0":{"0":{"LogicType":"EmbeddedField","LeftOperand":"Peer7_name","Operator":"NotEmpty","Type":"Expression","Description":"<span class=\"ConjDesc\">If<\/span>  <span class=\"LeftOpDesc\">Peer7_name<\/span> <span class=\"OpDesc\">Is Not Empty<\/span> "},"Type":"If"},"Type":"BooleanExpression","inPage":false}},"9":{"Display":"${e:\/\/Field\/Peer8_name}","DisplayLogic":{"0":{"0":{"LogicType":"EmbeddedField","LeftOperand":"Peer8_name","Operator":"NotEmpty","Type":"Expression","Description":"<span class=\"ConjDesc\">If<\/span>  <span class=\"LeftOpDesc\">Peer8_name<\/span> <span class=\"OpDesc\">Is Not Empty<\/span> "},"Type":"If"},"Type":"BooleanExpression","inPage":false}},"10":{"Display":"${e:\/\/Field\/Peer9_name}","DisplayLogic":{"0":{"0":{"LogicType":"EmbeddedField","LeftOperand":"Peer9_name","Operator":"NotEmpty","Type":"Expression","Description":"<span class=\"ConjDesc\">If<\/span>  <span class=\"LeftOpDesc\">Peer9_name<\/span> <span class=\"OpDesc\">Is Not Empty<\/span> "},"Type":"If"},"Type":"BooleanExpression","inPage":false}}},"ChoiceOrder":[1,2,3,4,5,6,7,8,9,10],"Validation":{"Settings":{"ForceResponse":"ON","ForceResponseType":"ON","Type":"None"}},"GradingData":[],"Language":[],"NextChoiceId":11,"NextAnswerId":6,"Answers":{"1":{"Display":"1. Does not do a fair share of the team's work. Delivers sloppy or incomplete work. Misses deadlines. Is late, unprepared or absent from team meetings. Does not assist teammates. Quits if the work becomes difficult."},"2":{"Display":"2. Between 1 and 3."},"3":{"Display":"3. Completes a fair share of the team's work with acceptable quality. Keeps commitments and completes assignments on time. Fills in for teammates when it is easy or important."},"4":{"Display":"4. Between 3 and 5."},"5":{"Display":"5. Does more high quality work than expected. Makes important contributions that improve the team's work. Helps to complete the work of teammates who are having difficulty."}},"AnswerOrder":[1,2,3,4,5],"ChoiceDataExportTags":false,"QuestionID":"QID2","DataVisibility":{"Private":false,"Hidden":false},"DynamicChoicesData":[],"QuestionJS":false}},{"SurveyID":"SV_8JmNSdsDZgkXAOh","Element":"SQ","PrimaryAttribute":"QID10","SecondaryAttribute":"Please rate each team member in relation to:\u00a0\u00adDecision Making\u00ad.","TertiaryAttribute":null,"Payload":{"QuestionText":"Please rate each team member in relation to:&nbsp;<b>&shy;Decision Making&shy;<\/b>.","DefaultChoices":false,"DataExportTag":"TeamWork6","QuestionType":"Matrix","Selector":"Likert","SubSelector":"SingleAnswer","DataVisibility":{"Private":false,"Hidden":false},"Configuration":{"QuestionDescriptionOption":"UseText","TextPosition":"above","ChoiceColumnWidth":25,"RepeatHeaders":"none","WhiteSpace":"OFF","MobileFirst":true},"QuestionDescription":"Please rate each team member in relation to:\u00a0\u00adDecision Making\u00ad.","Choices":[],"DynamicChoices":{"DynamicType":"ChoiceGroup","Locator":"q:\/\/QID2\/ChoiceGroup\/SelectedChoices","Type":"Dynamic"},"DynamicChoicesData":[],"ChoiceOrder":[],"Validation":{"Settings":{"ForceResponse":"ON","ForceResponseType":"ON","Type":"None"}},"GradingData":[],"Language":[],"NextChoiceId":8,"NextAnswerId":6,"Answers":{"1":{"Display":"1. Contributes little to team decision making. Only considers a limited range of perspectives; leaps to a solution without considering alternatives. Fails to consider possible problems, and does not contribute to developing contingency plans."},"2":{"Display":"2. Between 1 and 3."},"3":{"Display":"3. Uses factual information to help the team make decisions. Analyses the problem from more than one perspective, and considers some alternative solutions. Considers possible problems, and suggests ways in which they could be managed."},"4":{"Display":"4. Between 3 and 5."},"5":{"Display":"5. Uses high-quality, factual information to help the team make considered decisions. Comprehensively analyses the problem from multiple perspectives, and helps the team develop alternative solutions. Anticipates problems and develops contingency plans."}},"AnswerOrder":[1,2,3,4,5],"ChoiceDataExportTags":false,"QuestionID":"QID10","QuestionJS":false}},{"SurveyID":"SV_8JmNSdsDZgkXAOh","Element":"SQ","PrimaryAttribute":"QID8","SecondaryAttribute":"Please rate each team member in relation to:\u00a0\u00adExpecting Quality\u00ad.","TertiaryAttribute":null,"Payload":{"QuestionText":"Please rate each team member in relation to:&nbsp;<b>&shy;Expecting Quality&shy;<\/b>.","DefaultChoices":false,"DataExportTag":"TeamWork4","QuestionType":"Matrix","Selector":"Likert","SubSelector":"SingleAnswer","DataVisibility":{"Private":false,"Hidden":false},"Configuration":{"QuestionDescriptionOption":"UseText","TextPosition":"above","ChoiceColumnWidth":25,"RepeatHeaders":"none","WhiteSpace":"OFF","MobileFirst":true},"QuestionDescription":"Please rate each team member in relation to:\u00a0\u00adExpecting Quality\u00ad.","Choices":[],"DynamicChoices":{"DynamicType":"ChoiceGroup","Locator":"q:\/\/QID2\/ChoiceGroup\/DisplayedChoices","Type":"Dynamic","Description":"Displayed Statements"},"DynamicChoicesData":[],"ChoiceOrder":[],"Validation":{"Settings":{"ForceResponse":"ON","ForceResponseType":"ON","Type":"None"}},"GradingData":[],"Language":[],"NextChoiceId":8,"NextAnswerId":6,"Answers":{"1":{"Display":"1. Satisfied even when the team does not meet assigned standards. Wants the team to avoid work, even when it hurts the team. Doubts that the team can meet its requirements."},"2":{"Display":"2. Between 1 and 3."},"3":{"Display":"3. Encourages the team to do good work that meets all requirements. Wants the team to perform well enough to earn all available rewards. Believes that the team can fully meet its responsibilities."},"4":{"Display":"4. Between 3 and 5."},"5":{"Display":"5. Motivates the team to do excellent work. Cares that the team does outstanding work, even if there is no additional reward. Believes that the team can do excellent work."}},"AnswerOrder":[1,2,3,4,5],"ChoiceDataExportTags":false,"QuestionID":"QID8","QuestionJS":false}},{"SurveyID":"SV_8JmNSdsDZgkXAOh","Element":"SQ","PrimaryAttribute":"QID9","SecondaryAttribute":"Please rate each team member in relation to:\u00a0\u00adHaving Relevant Knowledge, Skills and Abilities\u00ad.","TertiaryAttribute":null,"Payload":{"QuestionText":"Please rate each team member in relation to:&nbsp;<b>&shy;Having Relevant Knowledge, Skills and Abilities&shy;<\/b>.","DefaultChoices":false,"DataExportTag":"TeamWork5","QuestionType":"Matrix","Selector":"Likert","SubSelector":"SingleAnswer","DataVisibility":{"Private":false,"Hidden":false},"Configuration":{"QuestionDescriptionOption":"UseText","TextPosition":"above","ChoiceColumnWidth":25,"RepeatHeaders":"none","WhiteSpace":"OFF","MobileFirst":true},"QuestionDescription":"Please rate each team member in relation to:\u00a0\u00adHaving Relevant Knowledge, Skills and Abilities\u00ad.","Choices":[],"DynamicChoices":{"DynamicType":"ChoiceGroup","Locator":"q:\/\/QID2\/ChoiceGroup\/DisplayedChoices","Type":"Dynamic","Description":"Displayed Statements"},"DynamicChoicesData":[],"ChoiceOrder":[],"Validation":{"Settings":{"ForceResponse":"ON","ForceResponseType":"ON","Type":"None"}},"GradingData":[],"Language":[],"NextChoiceId":8,"NextAnswerId":6,"Answers":{"1":{"Display":"1. Missing basic qualifications needed to be a member of the team. Unable or unwilling to develop knowledge or skills to contribute to the team. Unable to perform any of the duties of other team members."},"2":{"Display":"2. Between 1 and 3."},"3":{"Display":"3. Has sufficient knowledge, skills, and abilities to contribute to the team's work. Acquires knowledge or skills needed to meet requirements. Able to perform some of the tasks normally done by team members."},"4":{"Display":"4. Between 3 and 5."},"5":{"Display":"5. Demonstrates the knowledge, skills, and abilities to do excellent work. Acquires new knowledge or skills to improve the team's performance. Able to perform the role of any team member if necessary."}},"AnswerOrder":[1,2,3,4,5],"ChoiceDataExportTags":false,"QuestionID":"QID9","QuestionJS":false}},{"SurveyID":"SV_8JmNSdsDZgkXAOh","Element":"SQ","PrimaryAttribute":"QID6","SecondaryAttribute":"Please rate each team member in relation to:\u00a0\u00adInteracting with Teammates\u00ad.","TertiaryAttribute":null,"Payload":{"QuestionText":"Please rate each team member in relation to:&nbsp;<b>&shy;Interacting with Teammates&shy;<\/b>.","DefaultChoices":false,"DataExportTag":"TeamWork2","QuestionType":"Matrix","Selector":"Likert","SubSelector":"SingleAnswer","Configuration":{"QuestionDescriptionOption":"UseText","TextPosition":"above","ChoiceColumnWidth":25,"RepeatHeaders":"none","WhiteSpace":"OFF","MobileFirst":true},"QuestionDescription":"Please rate each team member in relation to:\u00a0\u00adInteracting with Teammates\u00ad.","Choices":[],"DynamicChoices":{"DynamicType":"ChoiceGroup","Locator":"q:\/\/QID2\/ChoiceGroup\/DisplayedChoices","Type":"Dynamic","Description":"Displayed Statements"},"DynamicChoicesData":[],"ChoiceOrder":[],"Validation":{"Settings":{"ForceResponse":"ON","ForceResponseType":"ON","Type":"None"}},"GradingData":[],"Language":[],"NextChoiceId":8,"NextAnswerId":6,"Answers":{"1":{"Display":"1. Interrupts, ignores, bosses, or makes fun of teammates. Takes actions that affect teammates without their input. Does not share information. Complains, makes excuses, or does not interact with teammates. Accepts no help or advice."},"2":{"Display":"2. Between 1 and 3."},"3":{"Display":"3. Listens to teammates and respects their contributions. Communicates clearly. Shares information with teammates. Participates fully in team activities. Respects and responds to feedback from teammates."},"4":{"Display":"4. Between 3 and 5."},"5":{"Display":"5. Asks for and shows an interest in teammates' ideas and contributions. Improves communication among teammates. Provides encouragement or enthusiasm to the team. Asks teammates for feedback and uses their suggestions to improve."}},"AnswerOrder":[1,2,3,4,5],"ChoiceDataExportTags":false,"QuestionID":"QID6","DataVisibility":{"Private":false,"Hidden":false},"QuestionJS":false}},{"SurveyID":"SV_8JmNSdsDZgkXAOh","Element":"SQ","PrimaryAttribute":"QID7","SecondaryAttribute":"Please rate each team member in relation to:\u00a0\u00adKeeping the Team on Track\u00ad.","TertiaryAttribute":null,"Payload":{"QuestionText":"Please rate each team member in relation to:&nbsp;<b>&shy;Keeping the Team on Track&shy;<\/b>.","DefaultChoices":false,"DataExportTag":"TeamWork3","QuestionType":"Matrix","Selector":"Likert","SubSelector":"SingleAnswer","DataVisibility":{"Private":false,"Hidden":false},"Configuration":{"QuestionDescriptionOption":"UseText","TextPosition":"above","ChoiceColumnWidth":25,"RepeatHeaders":"none","WhiteSpace":"OFF","MobileFirst":true},"QuestionDescription":"Please rate each team member in relation to:\u00a0\u00adKeeping the Team on Track\u00ad.","Choices":[],"DynamicChoices":{"DynamicType":"ChoiceGroup","Locator":"q:\/\/QID2\/ChoiceGroup\/DisplayedChoices","Type":"Dynamic","Description":"Displayed Statements"},"DynamicChoicesData":[],"ChoiceOrder":[],"Validation":{"Settings":{"ForceResponse":"ON","ForceResponseType":"ON","Type":"None"}},"GradingData":[],"Language":[],"NextChoiceId":8,"NextAnswerId":6,"Answers":{"1":{"Display":"1. Is unaware of whether the team is meeting its goals. Does not pay attention to teammates' progress. Avoid discussing team problems, even when they are obvious."},"2":{"Display":"2. Between 1 and 3."},"3":{"Display":"3. Notices changes that influence the team's success. Knows what everyone on the team should be doing and notices problems. Alerts teammates or suggests solutions when the team's success is threatened."},"4":{"Display":"4. Between 3 and 5."},"5":{"Display":"5. Watches conditions affecting the team and monitors the team's progress. Makes sure that teammates are making appropriate progress. Gives teammates specific, timely, and constructive feedback."}},"AnswerOrder":[1,2,3,4,5],"ChoiceDataExportTags":false,"QuestionID":"QID7","QuestionJS":false}},{"SurveyID":"SV_8JmNSdsDZgkXAOh","Element":"SQ","PrimaryAttribute":"QID15","SecondaryAttribute":"The following information is optional and will assist us in revising and evaluating peer assessme...","TertiaryAttribute":null,"Payload":{"QuestionText":"<p><span lang=\"EN\">The following\ninformation is optional and will assist us in revising and evaluating peer\nassessments at Swinburne. This information will not impact your marks or the\nmarks of your peers. It will not be provided to your tutors or peers, nor will\nit be used to identify you. The information will remain confidential.<o:p><\/o:p><\/span><\/p>","DefaultChoices":false,"DataExportTag":"Q11","QuestionType":"DB","Selector":"TB","Configuration":{"QuestionDescriptionOption":"UseText"},"QuestionDescription":"The following information is optional and will assist us in revising and evaluating peer assessme...","ChoiceOrder":[],"Validation":{"Settings":{"Type":"None"}},"GradingData":[],"Language":[],"NextChoiceId":4,"NextAnswerId":1,"QuestionID":"QID15","DataVisibility":{"Private":false,"Hidden":false}}},{"SurveyID":"SV_8JmNSdsDZgkXAOh","Element":"SQ","PrimaryAttribute":"QID31","SecondaryAttribute":"We are planning to write an academic research article on the topic of peer evaluation. Are you wi...","TertiaryAttribute":null,"Payload":{"QuestionText":"We are planning to write an academic research article on the topic of peer evaluation. Are you willing to allow us to use the survey responses you have provided \/ received, as well as your marks for this unit? All information will be aggregated and anonymised, so it will not be possible to identify you in the published study.","DataExportTag":"Q28","QuestionType":"MC","Selector":"SAVR","SubSelector":"TX","Configuration":{"QuestionDescriptionOption":"UseText"},"QuestionDescription":"We are planning to write an academic research article on the topic of peer evaluation. Are you wi...","Choices":{"1":{"Display":"Yes, you may use this information."},"2":{"Display":"No. Please outline any privacy or other concerns that you have in the box below. You may also direct any questions to Tim Bednall (tbednall@swin.edu.au):","TextEntry":"true","InputHeight":24,"InputWidth":657}},"ChoiceOrder":["1","2"],"Validation":{"Settings":{"ForceResponse":"ON","ForceResponseType":"ON","Type":"CustomValidation","CustomValidation":{"Logic":{"0":{"0":{"QuestionID":"QID31","QuestionIsInLoop":"no","ChoiceLocator":"q:\/\/QID31\/ChoiceTextEntryValue\/2","Operator":"NotEmpty","QuestionIDFromLocator":"QID31","LeftOperand":"q:\/\/QID31\/ChoiceTextEntryValue\/2","Type":"Expression","LogicType":"Question","Description":"<span class=\"ConjDesc\">If<\/span> <span class=\"QuestionDesc\">We are planning to write an academic research article on the topic of peer evaluation. Would you be willing to allow us to use the survey responses you have provided \/ received? All information wil...<\/span> <span class=\"LeftOpDesc\">No. Please outline any privacy or other concerns that you have in the box below. You may also direct any questions to Tim Bednall (tbednall@swin.edu.au):<\/span> <span class=\"OpDesc\">Is Not Empty<\/span> "},"1":{"QuestionID":"QID31","QuestionIsInLoop":"no","ChoiceLocator":"q:\/\/QID31\/SelectableChoice\/1","Operator":"Selected","QuestionIDFromLocator":"QID31","LeftOperand":"q:\/\/QID31\/SelectableChoice\/1","Type":"Expression","LogicType":"Question","Description":"<span class=\"ConjDesc\">Or<\/span> <span class=\"QuestionDesc\">We are planning to write an academic research article on the topic of peer evaluation. Would you be willing to allow us to use the survey responses you have provided \/ received? All information wil...<\/span> <span class=\"LeftOpDesc\">Yes, you may use this information.<\/span> <span class=\"OpDesc\">Is Selected<\/span> ","Conjuction":"Or"},"Type":"If"},"Type":"BooleanExpression"},"Message":{"messageID":null,"subMessageID":"VE_FORCE_OTHER_RESPONSE","libraryID":null,"description":"Require text box entry"}}}},"Language":{"EN":{"Choices":{"2":{"Display":"No."}}}},"NextChoiceId":4,"NextAnswerId":1,"QuestionID":"QID31","DataVisibility":{"Private":false,"Hidden":false}}},{"SurveyID":"SV_8JmNSdsDZgkXAOh","Element":"SQ","PrimaryAttribute":"QID16","SecondaryAttribute":"What gender do you identify as?","TertiaryAttribute":null,"Payload":{"QuestionText":"What gender do you identify as?","DefaultChoices":false,"DataExportTag":"Gender","QuestionType":"MC","Selector":"SAVR","SubSelector":"TX","Configuration":{"QuestionDescriptionOption":"UseText"},"QuestionDescription":"What gender do you identify as?","Choices":{"1":{"Display":"Male"},"2":{"Display":"Female"},"4":{"Display":"Self-Describe","TextEntry":"true"}},"ChoiceOrder":["1","2","4"],"Validation":{"Settings":{"ForceResponse":"OFF","ForceResponseType":"ON","Type":"None"}},"GradingData":[],"Language":[],"NextChoiceId":5,"NextAnswerId":1,"QuestionID":"QID16"}},{"SurveyID":"SV_8JmNSdsDZgkXAOh","Element":"SQ","PrimaryAttribute":"QID19","SecondaryAttribute":"What is your age (in years)?","TertiaryAttribute":null,"Payload":{"QuestionText":"What is your age (in years)?","DefaultChoices":false,"DataExportTag":"Age","QuestionID":"QID19","QuestionType":"TE","Selector":"SL","DataVisibility":{"Private":false,"Hidden":false},"Configuration":{"QuestionDescriptionOption":"UseText"},"QuestionDescription":"What is your age (in years)?","Validation":{"Settings":{"ForceResponse":"OFF","ForceResponseType":"ON","Type":"ContentType","ContentType":"ValidNumber","ValidDateType":"DateWithFormat","ValidPhoneType":"ValidUSPhone","ValidZipType":"ValidUSZip","ValidNumber":{"Min":"16","Max":"80","NumDecimals":"1"}}},"GradingData":[],"Language":[],"NextChoiceId":4,"NextAnswerId":1,"SearchSource":{"AllowFreeResponse":"false"}}},{"SurveyID":"SV_8JmNSdsDZgkXAOh","Element":"SQ","PrimaryAttribute":"QID23","SecondaryAttribute":"What were the positive aspects of this peer evaluation process?","TertiaryAttribute":null,"Payload":{"DefaultChoices":false,"DataExportTag":"PosAsp","QuestionType":"TE","Selector":"ML","Configuration":{"QuestionDescriptionOption":"UseText","InputWidth":594,"InputHeight":100},"Validation":{"Settings":{"ForceResponse":"OFF","ForceResponseType":"ON","Type":"None"}},"GradingData":[],"Language":[],"NextChoiceId":4,"NextAnswerId":1,"SearchSource":{"AllowFreeResponse":"false"},"QuestionID":"QID23","QuestionText":"What were the positive aspects of this peer evaluation process?","QuestionDescription":"What were the positive aspects of this peer evaluation process?"}},{"SurveyID":"SV_8JmNSdsDZgkXAOh","Element":"SQ","PrimaryAttribute":"QID32","SecondaryAttribute":"You may optionally provide feedback about the contribution of each team member. This can be used...","TertiaryAttribute":null,"Payload":{"QuestionText":"You may optionally provide feedback about the contribution of each team member. This can be used to explain to your peers and instructor why you provided the ratings that you did. You should consider both strengths and weaknesses.","DefaultChoices":false,"DataExportTag":"Feedback","QuestionType":"SBS","Selector":"SBSMatrix","Configuration":{"QuestionDescriptionOption":"UseText","RepeatHeaders":"none"},"QuestionDescription":"You may optionally provide feedback about the contribution of each team member. This can be used...","Choices":{"1":{"Display":"${e:\/\/Field\/Peer1_name}","DisplayLogic":{"0":{"0":{"LogicType":"EmbeddedField","LeftOperand":"Peer1_name","Operator":"NotEmpty","Type":"Expression","Description":"<span class=\"ConjDesc\">If<\/span>  <span class=\"LeftOpDesc\">Peer1_name<\/span> <span class=\"OpDesc\">Is Not Empty<\/span> "},"Type":"If"},"Type":"BooleanExpression","inPage":false}},"2":{"Display":"${e:\/\/Field\/Peer2_name}","DisplayLogic":{"0":{"0":{"LogicType":"EmbeddedField","LeftOperand":"Peer2_name","Operator":"NotEmpty","Type":"Expression","Description":"<span class=\"ConjDesc\">If<\/span>  <span class=\"LeftOpDesc\">Peer2_name<\/span> <span class=\"OpDesc\">Is Not Empty<\/span> "},"Type":"If"},"Type":"BooleanExpression","inPage":false}},"3":{"Display":"${e:\/\/Field\/Peer3_name}","DisplayLogic":{"0":{"0":{"LogicType":"EmbeddedField","LeftOperand":"Peer3_name","Operator":"NotEmpty","Type":"Expression","Description":"<span class=\"ConjDesc\">If<\/span>  <span class=\"LeftOpDesc\">Peer3_name<\/span> <span class=\"OpDesc\">Is Not Empty<\/span> "},"Type":"If"},"Type":"BooleanExpression","inPage":false}},"4":{"Display":"${e:\/\/Field\/Peer4_name}","DisplayLogic":{"0":{"0":{"LogicType":"EmbeddedField","LeftOperand":"Peer4_name","Operator":"NotEmpty","Type":"Expression","Description":"<span class=\"ConjDesc\">If<\/span>  <span class=\"LeftOpDesc\">Peer4_name<\/span> <span class=\"OpDesc\">Is Not Empty<\/span> "},"Type":"If"},"Type":"BooleanExpression","inPage":false}},"5":{"Display":"${e:\/\/Field\/Peer5_name}","DisplayLogic":{"0":{"0":{"LogicType":"EmbeddedField","LeftOperand":"Peer5_name","Operator":"NotEmpty","Type":"Expression","Description":"<span class=\"ConjDesc\">If<\/span>  <span class=\"LeftOpDesc\">Peer5_name<\/span> <span class=\"OpDesc\">Is Not Empty<\/span> "},"Type":"If"},"Type":"BooleanExpression","inPage":false}},"6":{"Display":"${e:\/\/Field\/Peer6_name}","DisplayLogic":{"0":{"0":{"LogicType":"EmbeddedField","LeftOperand":"Peer6_name","Operator":"NotEmpty","Type":"Expression","Description":"<span class=\"ConjDesc\">If<\/span>  <span class=\"LeftOpDesc\">Peer6_name<\/span> <span class=\"OpDesc\">Is Not Empty<\/span> "},"Type":"If"},"Type":"BooleanExpression","inPage":false}},"7":{"Display":"${e:\/\/Field\/Peer7_name}","DisplayLogic":{"0":{"0":{"LogicType":"EmbeddedField","LeftOperand":"Peer7_name","Operator":"NotEmpty","Type":"Expression","Description":"<span class=\"ConjDesc\">If<\/span>  <span class=\"LeftOpDesc\">Peer7_name<\/span> <span class=\"OpDesc\">Is Not Empty<\/span> "},"Type":"If"},"Type":"BooleanExpression","inPage":false}},"8":{"Display":"${e:\/\/Field\/Peer8_name}","DisplayLogic":{"0":{"0":{"LogicType":"EmbeddedField","LeftOperand":"Peer8_name","Operator":"NotEmpty","Type":"Expression","Description":"<span class=\"ConjDesc\">If<\/span>  <span class=\"LeftOpDesc\">Peer8_name<\/span> <span class=\"OpDesc\">Is Not Empty<\/span> "},"Type":"If"},"Type":"BooleanExpression","inPage":false}},"9":{"Display":"${e:\/\/Field\/Peer9_name}","DisplayLogic":{"0":{"0":{"LogicType":"EmbeddedField","LeftOperand":"Peer9_name","Operator":"NotEmpty","Type":"Expression","Description":"<span class=\"ConjDesc\">If<\/span>  <span class=\"LeftOpDesc\">Peer9_name<\/span> <span class=\"OpDesc\">Is Not Empty<\/span> "},"Type":"If"},"Type":"BooleanExpression","inPage":false}},"10":{"Display":"Any general feedback regarding the team? (Anonymous feedback will be shared with all peers.)"}},"ChoiceOrder":["1","2","3","4","5","6","7","8","9","10"],"Validation":{"Settings":{"ForceResponse":"OFF","ForceResponseType":"ON","Type":"None"}},"GradingData":[],"Language":{"EN":{"Answers":{"1":[],"2":[]},"AdditionalQuestions":{"1":{"Answers":{"1":{"Display":"Anonymous Feedback"}},"RecodeValues":[],"VariableNaming":[],"AnalyzeChoices":[]},"2":{"Answers":[],"RecodeValues":[],"VariableNaming":[],"AnalyzeChoices":[]}},"NumberOfQuestions":2}},"NextChoiceId":11,"NextAnswerId":3,"NumberOfQuestions":2,"AdditionalQuestions":{"1":{"Answers":{"1":{"Display":"Anonymous Feedback to Peers"}},"QuestionText":"Feedback that will be shared anonymously with your teammates","RecodeValues":[],"VariableNaming":[],"AnalyzeChoices":[],"QuestionType":"Matrix","Selector":"TE","SubSelector":"Essay","ChoiceColumnWidthPixels":null,"DataExportTag":"Feedback#1","QuestionID":"QID32#1","Choices":{"1":{"Display":"${e:\/\/Field\/Peer1_name}","DisplayLogic":{"0":{"0":{"LogicType":"EmbeddedField","LeftOperand":"Peer1_name","Operator":"NotEmpty","Type":"Expression","Description":"<span class=\"ConjDesc\">If<\/span>  <span class=\"LeftOpDesc\">Peer1_name<\/span> <span class=\"OpDesc\">Is Not Empty<\/span> "},"Type":"If"},"Type":"BooleanExpression","inPage":false}},"2":{"Display":"${e:\/\/Field\/Peer2_name}","DisplayLogic":{"0":{"0":{"LogicType":"EmbeddedField","LeftOperand":"Peer2_name","Operator":"NotEmpty","Type":"Expression","Description":"<span class=\"ConjDesc\">If<\/span>  <span class=\"LeftOpDesc\">Peer2_name<\/span> <span class=\"OpDesc\">Is Not Empty<\/span> "},"Type":"If"},"Type":"BooleanExpression","inPage":false}},"3":{"Display":"${e:\/\/Field\/Peer3_name}","DisplayLogic":{"0":{"0":{"LogicType":"EmbeddedField","LeftOperand":"Peer3_name","Operator":"NotEmpty","Type":"Expression","Description":"<span class=\"ConjDesc\">If<\/span>  <span class=\"LeftOpDesc\">Peer3_name<\/span> <span class=\"OpDesc\">Is Not Empty<\/span> "},"Type":"If"},"Type":"BooleanExpression","inPage":false}},"4":{"Display":"${e:\/\/Field\/Peer4_name}","DisplayLogic":{"0":{"0":{"LogicType":"EmbeddedField","LeftOperand":"Peer4_name","Operator":"NotEmpty","Type":"Expression","Description":"<span class=\"ConjDesc\">If<\/span>  <span class=\"LeftOpDesc\">Peer4_name<\/span> <span class=\"OpDesc\">Is Not Empty<\/span> "},"Type":"If"},"Type":"BooleanExpression","inPage":false}},"5":{"Display":"${e:\/\/Field\/Peer5_name}","DisplayLogic":{"0":{"0":{"LogicType":"EmbeddedField","LeftOperand":"Peer5_name","Operator":"NotEmpty","Type":"Expression","Description":"<span class=\"ConjDesc\">If<\/span>  <span class=\"LeftOpDesc\">Peer5_name<\/span> <span class=\"OpDesc\">Is Not Empty<\/span> "},"Type":"If"},"Type":"BooleanExpression","inPage":false}},"6":{"Display":"${e:\/\/Field\/Peer6_name}","DisplayLogic":{"0":{"0":{"LogicType":"EmbeddedField","LeftOperand":"Peer6_name","Operator":"NotEmpty","Type":"Expression","Description":"<span class=\"ConjDesc\">If<\/span>  <span class=\"LeftOpDesc\">Peer6_name<\/span> <span class=\"OpDesc\">Is Not Empty<\/span> "},"Type":"If"},"Type":"BooleanExpression","inPage":false}},"7":{"Display":"${e:\/\/Field\/Peer7_name}","DisplayLogic":{"0":{"0":{"LogicType":"EmbeddedField","LeftOperand":"Peer7_name","Operator":"NotEmpty","Type":"Expression","Description":"<span class=\"ConjDesc\">If<\/span>  <span class=\"LeftOpDesc\">Peer7_name<\/span> <span class=\"OpDesc\">Is Not Empty<\/span> "},"Type":"If"},"Type":"BooleanExpression","inPage":false}},"8":{"Display":"${e:\/\/Field\/Peer8_name}","DisplayLogic":{"0":{"0":{"LogicType":"EmbeddedField","LeftOperand":"Peer8_name","Operator":"NotEmpty","Type":"Expression","Description":"<span class=\"ConjDesc\">If<\/span>  <span class=\"LeftOpDesc\">Peer8_name<\/span> <span class=\"OpDesc\">Is Not Empty<\/span> "},"Type":"If"},"Type":"BooleanExpression","inPage":false}},"9":{"Display":"${e:\/\/Field\/Peer9_name}","DisplayLogic":{"0":{"0":{"LogicType":"EmbeddedField","LeftOperand":"Peer9_name","Operator":"NotEmpty","Type":"Expression","Description":"<span class=\"ConjDesc\">If<\/span>  <span class=\"LeftOpDesc\">Peer9_name<\/span> <span class=\"OpDesc\">Is Not Empty<\/span> "},"Type":"If"},"Type":"BooleanExpression","inPage":false}},"10":{"Display":"Any general feedback regarding the team? (Anonymous feedback will be shared with all peers.)"}},"ChoiceDataExportTags":false,"QuestionDescription":"Feedback that will be shared anonymously with your teammates","Configuration":{"QuestionDescriptionOption":"UseText"}},"2":{"Answers":{"1":{"Display":"Feedback to Instructors"}},"QuestionText":"Feedback that will only be seen by your instructors","RecodeValues":[],"VariableNaming":[],"AnalyzeChoices":[],"QuestionType":"Matrix","Selector":"TE","SubSelector":"Essay","ChoiceColumnWidthPixels":null,"DataExportTag":"Feedback#2","QuestionID":"QID32#2","Choices":{"1":{"Display":"${e:\/\/Field\/Peer1_name}","DisplayLogic":{"0":{"0":{"LogicType":"EmbeddedField","LeftOperand":"Peer1_name","Operator":"NotEmpty","Type":"Expression","Description":"<span class=\"ConjDesc\">If<\/span>  <span class=\"LeftOpDesc\">Peer1_name<\/span> <span class=\"OpDesc\">Is Not Empty<\/span> "},"Type":"If"},"Type":"BooleanExpression","inPage":false}},"2":{"Display":"${e:\/\/Field\/Peer2_name}","DisplayLogic":{"0":{"0":{"LogicType":"EmbeddedField","LeftOperand":"Peer2_name","Operator":"NotEmpty","Type":"Expression","Description":"<span class=\"ConjDesc\">If<\/span>  <span class=\"LeftOpDesc\">Peer2_name<\/span> <span class=\"OpDesc\">Is Not Empty<\/span> "},"Type":"If"},"Type":"BooleanExpression","inPage":false}},"3":{"Display":"${e:\/\/Field\/Peer3_name}","DisplayLogic":{"0":{"0":{"LogicType":"EmbeddedField","LeftOperand":"Peer3_name","Operator":"NotEmpty","Type":"Expression","Description":"<span class=\"ConjDesc\">If<\/span>  <span class=\"LeftOpDesc\">Peer3_name<\/span> <span class=\"OpDesc\">Is Not Empty<\/span> "},"Type":"If"},"Type":"BooleanExpression","inPage":false}},"4":{"Display":"${e:\/\/Field\/Peer4_name}","DisplayLogic":{"0":{"0":{"LogicType":"EmbeddedField","LeftOperand":"Peer4_name","Operator":"NotEmpty","Type":"Expression","Description":"<span class=\"ConjDesc\">If<\/span>  <span class=\"LeftOpDesc\">Peer4_name<\/span> <span class=\"OpDesc\">Is Not Empty<\/span> "},"Type":"If"},"Type":"BooleanExpression","inPage":false}},"5":{"Display":"${e:\/\/Field\/Peer5_name}","DisplayLogic":{"0":{"0":{"LogicType":"EmbeddedField","LeftOperand":"Peer5_name","Operator":"NotEmpty","Type":"Expression","Description":"<span class=\"ConjDesc\">If<\/span>  <span class=\"LeftOpDesc\">Peer5_name<\/span> <span class=\"OpDesc\">Is Not Empty<\/span> "},"Type":"If"},"Type":"BooleanExpression","inPage":false}},"6":{"Display":"${e:\/\/Field\/Peer6_name}","DisplayLogic":{"0":{"0":{"LogicType":"EmbeddedField","LeftOperand":"Peer6_name","Operator":"NotEmpty","Type":"Expression","Description":"<span class=\"ConjDesc\">If<\/span>  <span class=\"LeftOpDesc\">Peer6_name<\/span> <span class=\"OpDesc\">Is Not Empty<\/span> "},"Type":"If"},"Type":"BooleanExpression","inPage":false}},"7":{"Display":"${e:\/\/Field\/Peer7_name}","DisplayLogic":{"0":{"0":{"LogicType":"EmbeddedField","LeftOperand":"Peer7_name","Operator":"NotEmpty","Type":"Expression","Description":"<span class=\"ConjDesc\">If<\/span>  <span class=\"LeftOpDesc\">Peer7_name<\/span> <span class=\"OpDesc\">Is Not Empty<\/span> "},"Type":"If"},"Type":"BooleanExpression","inPage":false}},"8":{"Display":"${e:\/\/Field\/Peer8_name}","DisplayLogic":{"0":{"0":{"LogicType":"EmbeddedField","LeftOperand":"Peer8_name","Operator":"NotEmpty","Type":"Expression","Description":"<span class=\"ConjDesc\">If<\/span>  <span class=\"LeftOpDesc\">Peer8_name<\/span> <span class=\"OpDesc\">Is Not Empty<\/span> "},"Type":"If"},"Type":"BooleanExpression","inPage":false}},"9":{"Display":"${e:\/\/Field\/Peer9_name}","DisplayLogic":{"0":{"0":{"LogicType":"EmbeddedField","LeftOperand":"Peer9_name","Operator":"NotEmpty","Type":"Expression","Description":"<span class=\"ConjDesc\">If<\/span>  <span class=\"LeftOpDesc\">Peer9_name<\/span> <span class=\"OpDesc\">Is Not Empty<\/span> "},"Type":"If"},"Type":"BooleanExpression","inPage":false}},"10":{"Display":"Any general feedback regarding the team? (Anonymous feedback will be shared with all peers.)"}},"ChoiceDataExportTags":false,"QuestionDescription":"Feedback that will only be seen by your instructors","Configuration":{"QuestionDescriptionOption":"UseText"}}},"ChoiceDataExportTags":false,"QuestionID":"QID32","DataVisibility":{"Private":false,"Hidden":false}}}]}